
Microsoft Visual Studio Solution File, Format Version 12.00
# Visual Studio 15
Project("{FAE04EC0-301F-11D3-BF4B-00C04F79EFBC}") = "Assembly-CSharp", "Assembly-CSharp.csproj", "{0F61CBEF-D106-3AD5-99D1-ABC48B741267}"
EndProject
Project("{FAE04EC0-301F-11D3-BF4B-00C04F79EFBC}") = "Assembly-CSharp-Editor", "Assembly-CSharp-Editor.csproj", "{B1C7EEC3-A726-1BCA-5937-EA7463F95025}"
EndProject
Project("{FAE04EC0-301F-11D3-BF4B-00C04F79EFBC}") = "Assembly-CSharp", "Assembly-CSharp.Player.csproj", "{CE93CE1E-E219-3AF4-0E63-064482BE681E}"
EndProject
Global
	GlobalSection(SolutionConfigurationPlatforms) = preSolution
		Debug|Any CPU = Debug|Any CPU
		Release|Any CPU = Release|Any CPU
	EndGlobalSection
	GlobalSection(ProjectConfigurationPlatforms) = postSolution
		{0F61CBEF-D106-3AD5-99D1-ABC48B741267}.Debug|Any CPU.ActiveCfg = Debug|Any CPU
		{0F61CBEF-D106-3AD5-99D1-ABC48B741267}.Debug|Any CPU.Build.0 = Debug|Any CPU
		{0F61CBEF-D106-3AD5-99D1-ABC48B741267}.Release|Any CPU.ActiveCfg = Release|Any CPU
		{0F61CBEF-D106-3AD5-99D1-ABC48B741267}.Release|Any CPU.Build.0 = Release|Any CPU
		{B1C7EEC3-A726-1BCA-5937-EA7463F95025}.Debug|Any CPU.ActiveCfg = Debug|Any CPU
		{B1C7EEC3-A726-1BCA-5937-EA7463F95025}.Debug|Any CPU.Build.0 = Debug|Any CPU
		{B1C7EEC3-A726-1BCA-5937-EA7463F95025}.Release|Any CPU.ActiveCfg = Release|Any CPU
		{B1C7EEC3-A726-1BCA-5937-EA7463F95025}.Release|Any CPU.Build.0 = Release|Any CPU
		{CE93CE1E-E219-3AF4-0E63-064482BE681E}.Debug|Any CPU.ActiveCfg = Debug|Any CPU
		{CE93CE1E-E219-3AF4-0E63-064482BE681E}.Debug|Any CPU.Build.0 = Debug|Any CPU
		{CE93CE1E-E219-3AF4-0E63-064482BE681E}.Release|Any CPU.ActiveCfg = Release|Any CPU
		{CE93CE1E-E219-3AF4-0E63-064482BE681E}.Release|Any CPU.Build.0 = Release|Any CPU
	EndGlobalSection
	GlobalSection(SolutionProperties) = preSolution
		HideSolutionNode = FALSE
	EndGlobalSection
EndGlobal
